{
    "requires": true,
    "lockfileVersion": 1,
    "dependencies": {
        "vue-router": {
            "version": "3.1.6",
            "resolved": "https://registry.npmjs.org/vue-router/-/vue-router-3.1.6.tgz",
            "integrity": "sha512-GYhn2ynaZlysZMkFE5oCHRUTqE8BWs/a9YbKpNLi0i7xD6KG1EzDqpHQmv1F5gXjr8kL5iIVS8EOtRaVUEXTqA==",
            "dev": true
        },
        "vuex": {
            "version": "3.2.0",
            "resolved": "https://registry.npmjs.org/vuex/-/vuex-3.2.0.tgz",
            "integrity": "sha512-qBZGJJ1gUNWZbfZlH7ylIPwENg3R0Ckpq+qPexF065kOMOt1Ixt8WDJmtssVv7OhepWD0+Qie7pOS8f0oQy1JA==",
            "dev": true
        }
    }
}
